
Microsoft Visual Studio Solution File, Format Version 12.00
# Visual Studio Version 17
VisualStudioVersion = 17.13.35828.75 d17.13
MinimumVisualStudioVersion = 10.0.40219.1
Project("{FAE04EC0-301F-11D3-BF4B-00C04F79EFBC}") = "MvcWhatsUp", "MvcWhatsUp\MvcWhatsUp.csproj", "{81DD989A-28DC-406B-9C14-2EB7900E461D}"
EndProject
Global
	GlobalSection(SolutionConfigurationPlatforms) = preSolution
		Debug|Any CPU = Debug|Any CPU
		Release|Any CPU = Release|Any CPU
	EndGlobalSection
	GlobalSection(ProjectConfigurationPlatforms) = postSolution
		{81DD989A-28DC-406B-9C14-2EB7900E461D}.Debug|Any CPU.ActiveCfg = Debug|Any CPU
		{81DD989A-28DC-406B-9C14-2EB7900E461D}.Debug|Any CPU.Build.0 = Debug|Any CPU
		{81DD989A-28DC-406B-9C14-2EB7900E461D}.Release|Any CPU.ActiveCfg = Release|Any CPU
		{81DD989A-28DC-406B-9C14-2EB7900E461D}.Release|Any CPU.Build.0 = Release|Any CPU
	EndGlobalSection
	GlobalSection(SolutionProperties) = preSolution
		HideSolutionNode = FALSE
	EndGlobalSection
	GlobalSection(ExtensibilityGlobals) = postSolution
		SolutionGuid = {FA0911DF-E51A-4EA2-98EC-7331346107A5}
	EndGlobalSection
EndGlobal
